
Microsoft Visual Studio Solution File, Format Version 12.00
# Visual Studio 15
VisualStudioVersion = 15.0.26403.7
MinimumVisualStudioVersion = 10.0.40219.1
Project("{FAE04EC0-301F-11D3-BF4B-00C04F79EFBC}") = "UserControl_TestApp", "UserControl_TestApp\UserControl_TestApp.csproj", "{ECCFE5A1-0716-4040-9001-5D8433E47D7B}"
EndProject
Global
	GlobalSection(SolutionConfigurationPlatforms) = preSolution
		Debug|Any CPU = Debug|Any CPU
		Release|Any CPU = Release|Any CPU
	EndGlobalSection
	GlobalSection(ProjectConfigurationPlatforms) = postSolution
		{ECCFE5A1-0716-4040-9001-5D8433E47D7B}.Debug|Any CPU.ActiveCfg = Debug|Any CPU
		{ECCFE5A1-0716-4040-9001-5D8433E47D7B}.Debug|Any CPU.Build.0 = Debug|Any CPU
		{ECCFE5A1-0716-4040-9001-5D8433E47D7B}.Release|Any CPU.ActiveCfg = Release|Any CPU
		{ECCFE5A1-0716-4040-9001-5D8433E47D7B}.Release|Any CPU.Build.0 = Release|Any CPU
	EndGlobalSection
	GlobalSection(SolutionProperties) = preSolution
		HideSolutionNode = FALSE
	EndGlobalSection
EndGlobal
